
Microsoft Visual Studio Solution File, Format Version 12.00
# Visual Studio Version 17
VisualStudioVersion = 17.6.33815.320
MinimumVisualStudioVersion = 10.0.40219.1
Project("{FAE04EC0-301F-11D3-BF4B-00C04F79EFBC}") = "LayoutPanels", "LayoutPanels\LayoutPanels.csproj", "{C17D1EE8-3BCE-41BE-BC28-0D52F03DDF8F}"
EndProject
Project("{FAE04EC0-301F-11D3-BF4B-00C04F79EFBC}") = "Hw1Task1", "Task1\Hw1Task1.csproj", "{B1AE32CB-9C36-4E61-BAD2-61EC534386D7}"
EndProject
Project("{FAE04EC0-301F-11D3-BF4B-00C04F79EFBC}") = "Hw1Task2", "Hw1Task2\Hw1Task2.csproj", "{C3A338D8-EC88-4DB2-89AF-32E79965AB28}"
EndProject
Project("{FAE04EC0-301F-11D3-BF4B-00C04F79EFBC}") = "Hw1Task3", "Hw1Task3\Hw1Task3.csproj", "{4397CCCB-22C3-433C-B9D7-03E3A1C8A0D5}"
EndProject
Project("{FAE04EC0-301F-11D3-BF4B-00C04F79EFBC}") = "Hw1Task4", "HwTask4\Hw1Task4.csproj", "{0F22EB17-5CF5-4763-B0EA-2DA813B5DCAF}"
EndProject
Project("{FAE04EC0-301F-11D3-BF4B-00C04F79EFBC}") = "ClassicControls", "..\..\..\3. Элементы управления\1. Classic controls\ClassicControls.csproj", "{4302913D-F80B-473A-8D67-AF31CC6C73E6}"
EndProject
Project("{FAE04EC0-301F-11D3-BF4B-00C04F79EFBC}") = "Hw2Calculator", "Hw2Calculator\Hw2Calculator.csproj", "{2299F56D-B6C7-44EE-AD1A-D87CBD24F18F}"
EndProject
Project("{FAE04EC0-301F-11D3-BF4B-00C04F79EFBC}") = "WpfApplication1", "..\..\..\3. Элементы управления\4. Expander\WpfApplication1\WpfApplication1.csproj", "{D6C10868-0C2C-48EE-BCD3-A3013A6244B9}"
EndProject
Project("{FAE04EC0-301F-11D3-BF4B-00C04F79EFBC}") = "Content", "..\..\..\4. Элементы управления содержимым\Пример №2\Content.csproj", "{84D7B7F6-E594-4FBA-B84F-63EC86344DB0}"
EndProject
Project("{FAE04EC0-301F-11D3-BF4B-00C04F79EFBC}") = "RoutedEvents", "..\..\..\RoutedEvents\RoutedEvents.csproj", "{392450DC-1488-4D8F-B3C1-72DC15552A0F}"
EndProject
Project("{FAE04EC0-301F-11D3-BF4B-00C04F79EFBC}") = "Hw3Notepad", "Hw3Notepad\Hw3Notepad.csproj", "{C5384FAF-3FEB-41C7-ACC4-45C7355576E8}"
EndProject
Project("{FAE04EC0-301F-11D3-BF4B-00C04F79EFBC}") = "BindingToUIElement", "..\..\..\6. Привязка данных\3. Привязка к элементу управления\BindingToUIElement\BindingToUIElement\BindingToUIElement.csproj", "{7F10CC47-761E-412F-B44D-A7C07913782F}"
EndProject
Project("{FAE04EC0-301F-11D3-BF4B-00C04F79EFBC}") = "Hw4Pocket-bookI", "Hw4Pocket-book\Hw4Pocket-bookI.csproj", "{E20D6A2E-B916-4FEE-8DE1-D56BFDE3F6AA}"
EndProject
Project("{FAE04EC0-301F-11D3-BF4B-00C04F79EFBC}") = "DataBinding", "..\..\..\6. Привязка данных\5. Множественная привязка\DataBinding\DataBinding.csproj", "{5A255259-C2A5-49E8-8C10-73426F7C6A0C}"
EndProject
Project("{FAE04EC0-301F-11D3-BF4B-00C04F79EFBC}") = "BindingToClass", "..\..\..\6. Привязка данных\9. Привязка к классу\BindingToClass\BindingToClass\BindingToClass.csproj", "{0AF55593-EC43-4F00-A676-714BFB032704}"
EndProject
Project("{FAE04EC0-301F-11D3-BF4B-00C04F79EFBC}") = "BindingWPFApplicationI", "..\..\..\6. Привязка данных\12. ObservableCollection. ItemTemplate. DataTemplate\BindingWPFApplication\BindingWPFApplication\BindingWPFApplicationI.csproj", "{D6458519-9C2D-42D0-9CB0-769D948E43C3}"
EndProject
Project("{FAE04EC0-301F-11D3-BF4B-00C04F79EFBC}") = "BindingWPFApplicationD", "..\..\..\6. Привязка данных\14. ObservableCollection. Свойства зависимостей\BindingWPFApplication\BindingWPFApplication\BindingWPFApplicationD.csproj", "{EA4FC30B-1F63-4424-9D43-7DAAF8C51285}"
EndProject
Global
	GlobalSection(SolutionConfigurationPlatforms) = preSolution
		Debug|Any CPU = Debug|Any CPU
		Release|Any CPU = Release|Any CPU
	EndGlobalSection
	GlobalSection(ProjectConfigurationPlatforms) = postSolution
		{C17D1EE8-3BCE-41BE-BC28-0D52F03DDF8F}.Debug|Any CPU.ActiveCfg = Debug|Any CPU
		{C17D1EE8-3BCE-41BE-BC28-0D52F03DDF8F}.Debug|Any CPU.Build.0 = Debug|Any CPU
		{C17D1EE8-3BCE-41BE-BC28-0D52F03DDF8F}.Release|Any CPU.ActiveCfg = Release|Any CPU
		{C17D1EE8-3BCE-41BE-BC28-0D52F03DDF8F}.Release|Any CPU.Build.0 = Release|Any CPU
		{B1AE32CB-9C36-4E61-BAD2-61EC534386D7}.Debug|Any CPU.ActiveCfg = Debug|Any CPU
		{B1AE32CB-9C36-4E61-BAD2-61EC534386D7}.Debug|Any CPU.Build.0 = Debug|Any CPU
		{B1AE32CB-9C36-4E61-BAD2-61EC534386D7}.Release|Any CPU.ActiveCfg = Release|Any CPU
		{B1AE32CB-9C36-4E61-BAD2-61EC534386D7}.Release|Any CPU.Build.0 = Release|Any CPU
		{C3A338D8-EC88-4DB2-89AF-32E79965AB28}.Debug|Any CPU.ActiveCfg = Debug|Any CPU
		{C3A338D8-EC88-4DB2-89AF-32E79965AB28}.Debug|Any CPU.Build.0 = Debug|Any CPU
		{C3A338D8-EC88-4DB2-89AF-32E79965AB28}.Release|Any CPU.ActiveCfg = Release|Any CPU
		{C3A338D8-EC88-4DB2-89AF-32E79965AB28}.Release|Any CPU.Build.0 = Release|Any CPU
		{4397CCCB-22C3-433C-B9D7-03E3A1C8A0D5}.Debug|Any CPU.ActiveCfg = Debug|Any CPU
		{4397CCCB-22C3-433C-B9D7-03E3A1C8A0D5}.Debug|Any CPU.Build.0 = Debug|Any CPU
		{4397CCCB-22C3-433C-B9D7-03E3A1C8A0D5}.Release|Any CPU.ActiveCfg = Release|Any CPU
		{4397CCCB-22C3-433C-B9D7-03E3A1C8A0D5}.Release|Any CPU.Build.0 = Release|Any CPU
		{0F22EB17-5CF5-4763-B0EA-2DA813B5DCAF}.Debug|Any CPU.ActiveCfg = Debug|Any CPU
		{0F22EB17-5CF5-4763-B0EA-2DA813B5DCAF}.Debug|Any CPU.Build.0 = Debug|Any CPU
		{0F22EB17-5CF5-4763-B0EA-2DA813B5DCAF}.Release|Any CPU.ActiveCfg = Release|Any CPU
		{0F22EB17-5CF5-4763-B0EA-2DA813B5DCAF}.Release|Any CPU.Build.0 = Release|Any CPU
		{4302913D-F80B-473A-8D67-AF31CC6C73E6}.Debug|Any CPU.ActiveCfg = Debug|Any CPU
		{4302913D-F80B-473A-8D67-AF31CC6C73E6}.Debug|Any CPU.Build.0 = Debug|Any CPU
		{4302913D-F80B-473A-8D67-AF31CC6C73E6}.Release|Any CPU.ActiveCfg = Release|Any CPU
		{4302913D-F80B-473A-8D67-AF31CC6C73E6}.Release|Any CPU.Build.0 = Release|Any CPU
		{2299F56D-B6C7-44EE-AD1A-D87CBD24F18F}.Debug|Any CPU.ActiveCfg = Debug|Any CPU
		{2299F56D-B6C7-44EE-AD1A-D87CBD24F18F}.Debug|Any CPU.Build.0 = Debug|Any CPU
		{2299F56D-B6C7-44EE-AD1A-D87CBD24F18F}.Release|Any CPU.ActiveCfg = Release|Any CPU
		{2299F56D-B6C7-44EE-AD1A-D87CBD24F18F}.Release|Any CPU.Build.0 = Release|Any CPU
		{D6C10868-0C2C-48EE-BCD3-A3013A6244B9}.Debug|Any CPU.ActiveCfg = Debug|Any CPU
		{D6C10868-0C2C-48EE-BCD3-A3013A6244B9}.Debug|Any CPU.Build.0 = Debug|Any CPU
		{D6C10868-0C2C-48EE-BCD3-A3013A6244B9}.Release|Any CPU.ActiveCfg = Release|Any CPU
		{D6C10868-0C2C-48EE-BCD3-A3013A6244B9}.Release|Any CPU.Build.0 = Release|Any CPU
		{84D7B7F6-E594-4FBA-B84F-63EC86344DB0}.Debug|Any CPU.ActiveCfg = Debug|Any CPU
		{84D7B7F6-E594-4FBA-B84F-63EC86344DB0}.Debug|Any CPU.Build.0 = Debug|Any CPU
		{84D7B7F6-E594-4FBA-B84F-63EC86344DB0}.Release|Any CPU.ActiveCfg = Release|Any CPU
		{84D7B7F6-E594-4FBA-B84F-63EC86344DB0}.Release|Any CPU.Build.0 = Release|Any CPU
		{392450DC-1488-4D8F-B3C1-72DC15552A0F}.Debug|Any CPU.ActiveCfg = Debug|Any CPU
		{392450DC-1488-4D8F-B3C1-72DC15552A0F}.Debug|Any CPU.Build.0 = Debug|Any CPU
		{392450DC-1488-4D8F-B3C1-72DC15552A0F}.Release|Any CPU.ActiveCfg = Release|Any CPU
		{392450DC-1488-4D8F-B3C1-72DC15552A0F}.Release|Any CPU.Build.0 = Release|Any CPU
		{C5384FAF-3FEB-41C7-ACC4-45C7355576E8}.Debug|Any CPU.ActiveCfg = Debug|Any CPU
		{C5384FAF-3FEB-41C7-ACC4-45C7355576E8}.Debug|Any CPU.Build.0 = Debug|Any CPU
		{C5384FAF-3FEB-41C7-ACC4-45C7355576E8}.Release|Any CPU.ActiveCfg = Release|Any CPU
		{C5384FAF-3FEB-41C7-ACC4-45C7355576E8}.Release|Any CPU.Build.0 = Release|Any CPU
		{7F10CC47-761E-412F-B44D-A7C07913782F}.Debug|Any CPU.ActiveCfg = Debug|Any CPU
		{7F10CC47-761E-412F-B44D-A7C07913782F}.Debug|Any CPU.Build.0 = Debug|Any CPU
		{7F10CC47-761E-412F-B44D-A7C07913782F}.Release|Any CPU.ActiveCfg = Release|Any CPU
		{7F10CC47-761E-412F-B44D-A7C07913782F}.Release|Any CPU.Build.0 = Release|Any CPU
		{E20D6A2E-B916-4FEE-8DE1-D56BFDE3F6AA}.Debug|Any CPU.ActiveCfg = Debug|Any CPU
		{E20D6A2E-B916-4FEE-8DE1-D56BFDE3F6AA}.Debug|Any CPU.Build.0 = Debug|Any CPU
		{E20D6A2E-B916-4FEE-8DE1-D56BFDE3F6AA}.Release|Any CPU.ActiveCfg = Release|Any CPU
		{E20D6A2E-B916-4FEE-8DE1-D56BFDE3F6AA}.Release|Any CPU.Build.0 = Release|Any CPU
		{5A255259-C2A5-49E8-8C10-73426F7C6A0C}.Debug|Any CPU.ActiveCfg = Debug|Any CPU
		{5A255259-C2A5-49E8-8C10-73426F7C6A0C}.Debug|Any CPU.Build.0 = Debug|Any CPU
		{5A255259-C2A5-49E8-8C10-73426F7C6A0C}.Release|Any CPU.ActiveCfg = Release|Any CPU
		{5A255259-C2A5-49E8-8C10-73426F7C6A0C}.Release|Any CPU.Build.0 = Release|Any CPU
		{0AF55593-EC43-4F00-A676-714BFB032704}.Debug|Any CPU.ActiveCfg = Debug|Any CPU
		{0AF55593-EC43-4F00-A676-714BFB032704}.Debug|Any CPU.Build.0 = Debug|Any CPU
		{0AF55593-EC43-4F00-A676-714BFB032704}.Release|Any CPU.ActiveCfg = Release|Any CPU
		{0AF55593-EC43-4F00-A676-714BFB032704}.Release|Any CPU.Build.0 = Release|Any CPU
		{D6458519-9C2D-42D0-9CB0-769D948E43C3}.Debug|Any CPU.ActiveCfg = Debug|Any CPU
		{D6458519-9C2D-42D0-9CB0-769D948E43C3}.Debug|Any CPU.Build.0 = Debug|Any CPU
		{D6458519-9C2D-42D0-9CB0-769D948E43C3}.Release|Any CPU.ActiveCfg = Release|Any CPU
		{D6458519-9C2D-42D0-9CB0-769D948E43C3}.Release|Any CPU.Build.0 = Release|Any CPU
		{EA4FC30B-1F63-4424-9D43-7DAAF8C51285}.Debug|Any CPU.ActiveCfg = Debug|Any CPU
		{EA4FC30B-1F63-4424-9D43-7DAAF8C51285}.Debug|Any CPU.Build.0 = Debug|Any CPU
		{EA4FC30B-1F63-4424-9D43-7DAAF8C51285}.Release|Any CPU.ActiveCfg = Release|Any CPU
		{EA4FC30B-1F63-4424-9D43-7DAAF8C51285}.Release|Any CPU.Build.0 = Release|Any CPU
	EndGlobalSection
	GlobalSection(SolutionProperties) = preSolution
		HideSolutionNode = FALSE
	EndGlobalSection
	GlobalSection(ExtensibilityGlobals) = postSolution
		SolutionGuid = {932DC4CC-A704-41AC-8B3B-62D97D76B9DB}
	EndGlobalSection
EndGlobal
